# THIS IS AN AUTOGENERATED FILE. DO NOT EDIT THIS FILE DIRECTLY.
# yarn lockfile v1


pend@~1.2.0:
  version "1.2.0"
  resolved "https://registry.yarnpkg.com/pend/-/pend-1.2.0.tgz#7a57eb550a6783f9115331fcf4663d5c8e007a50"

source-scan@~1.0.1:
  version "1.0.1"
  resolved "https://registry.yarnpkg.com/source-scan/-/source-scan-1.0.1.tgz#0ba9f8c2a9356f9531a65beb48b7bb376504e97b"
  dependencies:
    streamsink "~1.2.0"

streamsink@~1.2.0:
  version "1.2.0"
  resolved "https://registry.yarnpkg.com/streamsink/-/streamsink-1.2.0.tgz#efafee9f1e22d3591ed7de3dcaa95c3f5e79f73c"
